{
  "name": "homey-web-api-example",
  "version": "1.0.0",
  "lockfileVersion": 1,
  "requires": true,
  "dependencies": {
    "athom-api": {
      "version": "2.0.115",
      "resolved": "https://registry.npmjs.org/athom-api/-/athom-api-2.0.115.tgz",
      "integrity": "sha512-JCOLNXmjoq4Jc3mDecm5/nWQBfAWZly2W/x2IzoAQntzwbKLHJhbLwgqy6fG0pQLdUnvSsW6+WYrXW5VyVuPKg=="
    }
  }
}
